// !$*UTF8*$!
{
	archiveVersion = 1;
	classes = {
	};
	objectVersion = 51;
	objects = {

/* Begin PBXBuildFile section */
		11ACD31B0A556155A403439D /* Pods_FFSafeKit_Demo.framework in Frameworks */ = {isa = PBXBuildFile; fileRef = BC3E784FD72DDF325309B3CF /* Pods_FFSafeKit_Demo.framework */; };
		D3445A8722D499D3001FDCA7 /* AppDelegate.m in Sources */ = {isa = PBXBuildFile; fileRef = D3445A8622D499D3001FDCA7 /* AppDelegate.m */; };
		D3445A8A22D499D3001FDCA7 /* ViewController.m in Sources */ = {isa = PBXBuildFile; fileRef = D3445A8922D499D3001FDCA7 /* ViewController.m */; };
		D3445A8D22D499D3001FDCA7 /* Main.storyboard in Resources */ = {isa = PBXBuildFile; fileRef = D3445A8B22D499D3001FDCA7 /* Main.storyboard */; };
		D3445A8F22D499DA001FDCA7 /* Assets.xcassets in Resources */ = {isa = PBXBuildFile; fileRef = D3445A8E22D499DA001FDCA7 /* Assets.xcassets */; };
		D3445A9222D499DA001FDCA7 /* LaunchScreen.storyboard in Resources */ = {isa = PBXBuildFile; fileRef = D3445A9022D499DA001FDCA7 /* LaunchScreen.storyboard */; };
		D3445A9522D499DA001FDCA7 /* main.m in Sources */ = {isa = PBXBuildFile; fileRef = D3445A9422D499DA001FDCA7 /* main.m */; };
/* End PBXBuildFile section */

/* Begin PBXFileReference section */
		62840DFF0231222066C91F3F /* Pods-FFSafeKit_Demo.release.xcconfig */ = {isa = PBXFileReference; includeInIndex = 1; lastKnownFileType = text.xcconfig; name = "Pods-FFSafeKit_Demo.release.xcconfig"; path = "Target Support Files/Pods-FFSafeKit_Demo/Pods-FFSafeKit_Demo.release.xcconfig"; sourceTree = "<group>"; };
		679BF893D10491DE53C78FE3 /* Pods-FFSafeKit_Demo.debug.xcconfig */ = {isa = PBXFileReference; includeInIndex = 1; lastKnownFileType = text.xcconfig; name = "Pods-FFSafeKit_Demo.debug.xcconfig"; path = "Target Support Files/Pods-FFSafeKit_Demo/Pods-FFSafeKit_Demo.debug.xcconfig"; sourceTree = "<group>"; };
		BC3E784FD72DDF325309B3CF /* Pods_FFSafeKit_Demo.framework */ = {isa = PBXFileReference; explicitFileType = wrapper.framework; includeInIndex = 0; path = Pods_FFSafeKit_Demo.framework; sourceTree = BUILT_PRODUCTS_DIR; };
		D3445A8222D499D3001FDCA7 /* FFSafeKit_Demo.app */ = {isa = PBXFileReference; explicitFileType = wrapper.application; includeInIndex = 0; path = FFSafeKit_Demo.app; sourceTree = BUILT_PRODUCTS_DIR; };
		D3445A8522D499D3001FDCA7 /* AppDelegate.h */ = {isa = PBXFileReference; lastKnownFileType = sourcecode.c.h; path = AppDelegate.h; sourceTree = "<group>"; };
		D3445A8622D499D3001FDCA7 /* AppDelegate.m */ = {isa = PBXFileReference; lastKnownFileType = sourcecode.c.objc; path = AppDelegate.m; sourceTree = "<group>"; };
		D3445A8822D499D3001FDCA7 /* ViewController.h */ = {isa = PBXFileReference; lastKnownFileType = sourcecode.c.h; path = ViewController.h; sourceTree = "<group>"; };
		D3445A8922D499D3001FDCA7 /* ViewController.m */ = {isa = PBXFileReference; lastKnownFileType = sourcecode.c.objc; path = ViewController.m; sourceTree = "<group>"; };
		D3445A8C22D499D3001FDCA7 /* Base */ = {isa = PBXFileReference; lastKnownFileType = file.storyboard; name = Base; path = Base.lproj/Main.storyboard; sourceTree = "<group>"; };
		D3445A8E22D499DA001FDCA7 /* Assets.xcassets */ = {isa = PBXFileReference; lastKnownFileType = folder.assetcatalog; path = Assets.xcassets; sourceTree = "<group>"; };
		D3445A9122D499DA001FDCA7 /* Base */ = {isa = PBXFileReference; lastKnownFileType = file.storyboard; name = Base; path = Base.lproj/LaunchScreen.storyboard; sourceTree = "<group>"; };
		D3445A9322D499DA001FDCA7 /* Info.plist */ = {isa = PBXFileReference; lastKnownFileType = text.plist.xml; path = Info.plist; sourceTree = "<group>"; };
		D3445A9422D499DA001FDCA7 /* main.m */ = {isa = PBXFileReference; lastKnownFileType = sourcecode.c.objc; path = main.m; sourceTree = "<group>"; };
/* End PBXFileReference section */

/* Begin PBXFrameworksBuildPhase section */
		D3445A7F22D499D3001FDCA7 /* Frameworks */ = {
			isa = PBXFrameworksBuildPhase;
			buildActionMask = 2147483647;
			files = (
				11ACD31B0A556155A403439D /* Pods_FFSafeKit_Demo.framework in Frameworks */,
			);
			runOnlyForDeploymentPostprocessing = 0;
		};
/* End PBXFrameworksBuildPhase section */

/* Begin PBXGroup section */
		69CAA7B0C0D5D147AF29B555 /* Frameworks */ = {
			isa = PBXGroup;
			children = (
				BC3E784FD72DDF325309B3CF /* Pods_FFSafeKit_Demo.framework */,
			);
			name = Frameworks;
			sourceTree = "<group>";
		};
		7BBA8683AFAFE269C7B5BB53 /* Pods */ = {
			isa = PBXGroup;
			children = (
				679BF893D10491DE53C78FE3 /* Pods-FFSafeKit_Demo.debug.xcconfig */,
				62840DFF0231222066C91F3F /* Pods-FFSafeKit_Demo.release.xcconfig */,
			);
			path = Pods;
			sourceTree = "<group>";
		};
		D3445A7922D499D3001FDCA7 = {
			isa = PBXGroup;
			children = (
				D3445A8422D499D3001FDCA7 /* FFSafeKit_Demo */,
				D3445A8322D499D3001FDCA7 /* Products */,
				7BBA8683AFAFE269C7B5BB53 /* Pods */,
				69CAA7B0C0D5D147AF29B555 /* Frameworks */,
			);
			sourceTree = "<group>";
		};
		D3445A8322D499D3001FDCA7 /* Products */ = {
			isa = PBXGroup;
			children = (
				D3445A8222D499D3001FDCA7 /* FFSafeKit_Demo.app */,
			);
			name = Products;
			sourceTree = "<group>";
		};
		D3445A8422D499D3001FDCA7 /* FFSafeKit_Demo */ = {
			isa = PBXGroup;
			children = (
				D3445A8522D499D3001FDCA7 /* AppDelegate.h */,
				D3445A8622D499D3001FDCA7 /* AppDelegate.m */,
				D3445A8822D499D3001FDCA7 /* ViewController.h */,
				D3445A8922D499D3001FDCA7 /* ViewController.m */,
				D3445A8B22D499D3001FDCA7 /* Main.storyboard */,
				D3445A8E22D499DA001FDCA7 /* Assets.xcassets */,
				D3445A9022D499DA001FDCA7 /* LaunchScreen.storyboard */,
				D3445A9322D499DA001FDCA7 /* Info.plist */,
				D3445A9422D499DA001FDCA7 /* main.m */,
			);
			path = FFSafeKit_Demo;
			sourceTree = "<group>";
		};
/* End PBXGroup section */

/* Begin PBXNativeTarget section */
		D3445A8122D499D3001FDCA7 /* FFSafeKit_Demo */ = {
			isa = PBXNativeTarget;
			buildConfigurationList = D3445A9822D499DA001FDCA7 /* Build configuration list for PBXNativeTarget "FFSafeKit_Demo" */;
			buildPhases = (
				4B7B850863E59E7338EDDB9F /* [CP] Check Pods Manifest.lock */,
				D3445A7E22D499D3001FDCA7 /* Sources */,
				D3445A7F22D499D3001FDCA7 /* Frameworks */,
				D3445A8022D499D3001FDCA7 /* Resources */,
				4C4273977AC17A1A0AA35118 /* [CP] Embed Pods Frameworks */,
			);
			buildRules = (
			);
			dependencies = (
			);
			name = FFSafeKit_Demo;
			productName = FFSafeKit_Demo;
			productReference = D3445A8222D499D3001FDCA7 /* FFSafeKit_Demo.app */;
			productType = "com.apple.product-type.application";
		};
/* End PBXNativeTarget section */

/* Begin PBXProject section */
		D3445A7A22D499D3001FDCA7 /* Project object */ = {
			isa = PBXProject;
			attributes = {
				LastUpgradeCheck = 1020;
				ORGANIZATIONNAME = JonyFang;
				TargetAttributes = {
					D3445A8122D499D3001FDCA7 = {
						CreatedOnToolsVersion = 10.2.1;
					};
				};
			};
			buildConfigurationList = D3445A7D22D499D3001FDCA7 /* Build configuration list for PBXProject "FFSafeKit_Demo" */;
			compatibilityVersion = "Xcode 9.3";
			developmentRegion = en;
			hasScannedForEncodings = 0;
			knownRegions = (
				en,
				Base,
			);
			mainGroup = D3445A7922D499D3001FDCA7;
			productRefGroup = D3445A8322D499D3001FDCA7 /* Products */;
			projectDirPath = "";
			projectRoot = "";
			targets = (
				D3445A8122D499D3001FDCA7 /* FFSafeKit_Demo */,
			);
		};
/* End PBXProject section */

/* Begin PBXResourcesBuildPhase section */
		D3445A8022D499D3001FDCA7 /* Resources */ = {
			isa = PBXResourcesBuildPhase;
			buildActionMask = 2147483647;
			files = (
				D3445A9222D499DA001FDCA7 /* LaunchScreen.storyboard in Resources */,
				D3445A8F22D499DA001FDCA7 /* Assets.xcassets in Resources */,
				D3445A8D22D499D3001FDCA7 /* Main.storyboard in Resources */,
			);
			runOnlyForDeploymentPostprocessing = 0;
		};
/* End PBXResourcesBuildPhase section */

/* Begin PBXShellScriptBuildPhase section */
		4B7B850863E59E7338EDDB9F /* [CP] Check Pods Manifest.lock */ = {
			isa = PBXShellScriptBuildPhase;
			buildActionMask = 2147483647;
			files = (
			);
			inputFileListPaths = (
			);
			inputPaths = (
				"${PODS_PODFILE_DIR_PATH}/Podfile.lock",
				"${PODS_ROOT}/Manifest.lock",
			);
			name = "[CP] Check Pods Manifest.lock";
			outputFileListPaths = (
			);
			outputPaths = (
				"$(DERIVED_FILE_DIR)/Pods-FFSafeKit_Demo-checkManifestLockResult.txt",
			);
			runOnlyForDeploymentPostprocessing = 0;
			shellPath = /bin/sh;
			shellScript = "diff \"${PODS_PODFILE_DIR_PATH}/Podfile.lock\" \"${PODS_ROOT}/Manifest.lock\" > /dev/null\nif [ $? != 0 ] ; then\n    # print error to STDERR\n    echo \"error: The sandbox is not in sync with the Podfile.lock. Run 'pod install' or update your CocoaPods installation.\" >&2\n    exit 1\nfi\n# This output is used by Xcode 'outputs' to avoid re-running this script phase.\necho \"SUCCESS\" > \"${SCRIPT_OUTPUT_FILE_0}\"\n";
			showEnvVarsInLog = 0;
		};
		4C4273977AC17A1A0AA35118 /* [CP] Embed Pods Frameworks */ = {
			isa = PBXShellScriptBuildPhase;
			buildActionMask = 2147483647;
			files = (
			);
			inputFileListPaths = (
				"${PODS_ROOT}/Target Support Files/Pods-FFSafeKit_Demo/Pods-FFSafeKit_Demo-frameworks-${CONFIGURATION}-input-files.xcfilelist",
			);
			name = "[CP] Embed Pods Frameworks";
			outputFileListPaths = (
				"${PODS_ROOT}/Target Support Files/Pods-FFSafeKit_Demo/Pods-FFSafeKit_Demo-frameworks-${CONFIGURATION}-output-files.xcfilelist",
			);
			runOnlyForDeploymentPostprocessing = 0;
			shellPath = /bin/sh;
			shellScript = "\"${PODS_ROOT}/Target Support Files/Pods-FFSafeKit_Demo/Pods-FFSafeKit_Demo-frameworks.sh\"\n";
			showEnvVarsInLog = 0;
		};
/* End PBXShellScriptBuildPhase section */

/* Begin PBXSourcesBuildPhase section */
		D3445A7E22D499D3001FDCA7 /* Sources */ = {
			isa = PBXSourcesBuildPhase;
			buildActionMask = 2147483647;
			files = (
				D3445A8A22D499D3001FDCA7 /* ViewController.m in Sources */,
				D3445A9522D499DA001FDCA7 /* main.m in Sources */,
				D3445A8722D499D3001FDCA7 /* AppDelegate.m in Sources */,
			);
			runOnlyForDeploymentPostprocessing = 0;
		};
/* End PBXSourcesBuildPhase section */

/* Begin PBXVariantGroup section */
		D3445A8B22D499D3001FDCA7 /* Main.storyboard */ = {
			isa = PBXVariantGroup;
			children = (
				D3445A8C22D499D3001FDCA7 /* Base */,
			);
			name = Main.storyboard;
			sourceTree = "<group>";
		};
		D3445A9022D499DA001FDCA7 /* LaunchScreen.storyboard */ = {
			isa = PBXVariantGroup;
			children = (
				D3445A9122D499DA001FDCA7 /* Base */,
			);
			name = LaunchScreen.storyboard;
			sourceTree = "<group>";
		};
/* End PBXVariantGroup section */

/* Begin XCBuildConfiguration section */
		D3445A9622D499DA001FDCA7 /* Debug */ = {
			isa = XCBuildConfiguration;
			buildSettings = {
				ALWAYS_SEARCH_USER_PATHS = NO;
				CLANG_ANALYZER_NONNULL = YES;
				CLANG_ANALYZER_NUMBER_OBJECT_CONVERSION = YES_AGGRESSIVE;
				CLANG_CXX_LANGUAGE_STANDARD = "gnu++14";
				CLANG_CXX_LIBRARY = "libc++";
				CLANG_ENABLE_MODULES = YES;
				CLANG_ENABLE_OBJC_ARC = YES;
				CLANG_ENABLE_OBJC_WEAK = YES;
				CLANG_WARN_BLOCK_CAPTURE_AUTORELEASING = YES;
				CLANG_WARN_BOOL_CONVERSION = YES;
				CLANG_WARN_COMMA = YES;
				CLANG_WARN_CONSTANT_CONVERSION = YES;
				CLANG_WARN_DEPRECATED_OBJC_IMPLEMENTATIONS = YES;
				CLANG_WARN_DIRECT_OBJC_ISA_USAGE = YES_ERROR;
				CLANG_WARN_DOCUMENTATION_COMMENTS = YES;
				CLANG_WARN_EMPTY_BODY = YES;
				CLANG_WARN_ENUM_CONVERSION = YES;
				CLANG_WARN_INFINITE_RECURSION = YES;
				CLANG_WARN_INT_CONVERSION = YES;
				CLANG_WARN_NON_LITERAL_NULL_CONVERSION = YES;
				CLANG_WARN_OBJC_IMPLICIT_RETAIN_SELF = YES;
				CLANG_WARN_OBJC_LITERAL_CONVERSION = YES;
				CLANG_WARN_OBJC_ROOT_CLASS = YES_ERROR;
				CLANG_WARN_RANGE_LOOP_ANALYSIS = YES;
				CLANG_WARN_STRICT_PROTOTYPES = YES;
				CLANG_WARN_SUSPICIOUS_MOVE = YES;
				CLANG_WARN_UNGUARDED_AVAILABILITY = YES_AGGRESSIVE;
				CLANG_WARN_UNREACHABLE_CODE = YES;
				CLANG_WARN__DUPLICATE_METHOD_MATCH = YES;
				CODE_SIGN_IDENTITY = "iPhone Developer";
				COPY_PHASE_STRIP = NO;
				DEBUG_INFORMATION_FORMAT = dwarf;
				ENABLE_STRICT_OBJC_MSGSEND = YES;
				ENABLE_TESTABILITY = YES;
				GCC_C_LANGUAGE_STANDARD = gnu11;
				GCC_DYNAMIC_NO_PIC = NO;
				GCC_NO_COMMON_BLOCKS = YES;
				GCC_OPTIMIZATION_LEVEL = 0;
				GCC_PREPROCESSOR_DEFINITIONS = (
					"DEBUG=1",
					"$(inherited)",
				);
				GCC_WARN_64_TO_32_BIT_CONVERSION = YES;
				GCC_WARN_ABOUT_RETURN_TYPE = YES_ERROR;
				GCC_WARN_UNDECLARED_SELECTOR = YES;
				GCC_WARN_UNINITIALIZED_AUTOS = YES_AGGRESSIVE;
				GCC_WARN_UNUSED_FUNCTION = YES;
				GCC_WARN_UNUSED_VARIABLE = YES;
				IPHONEOS_DEPLOYMENT_TARGET = 9.3;
				MTL_ENABLE_DEBUG_INFO = INCLUDE_SOURCE;
				MTL_FAST_MATH = YES;
				ONLY_ACTIVE_ARCH = YES;
				SDKROOT = iphoneos;
			};
			name = Debug;
		};
		D3445A9722D499DA001FDCA7 /* Release */ = {
			isa = XCBuildConfiguration;
			buildSettings = {
				ALWAYS_SEARCH_USER_PATHS = NO;
				CLANG_ANALYZER_NONNULL = YES;
				CLANG_ANALYZER_NUMBER_OBJECT_CONVERSION = YES_AGGRESSIVE;
				CLANG_CXX_LANGUAGE_STANDARD = "gnu++14";
				CLANG_CXX_LIBRARY = "libc++";
				CLANG_ENABLE_MODULES = YES;
				CLANG_ENABLE_OBJC_ARC = YES;
				CLANG_ENABLE_OBJC_WEAK = YES;
				CLANG_WARN_BLOCK_CAPTURE_AUTORELEASING = YES;
				CLANG_WARN_BOOL_CONVERSION = YES;
				CLANG_WARN_COMMA = YES;
				CLANG_WARN_CONSTANT_CONVERSION = YES;
				CLANG_WARN_DEPRECATED_OBJC_IMPLEMENTATIONS = YES;
				CLANG_WARN_DIRECT_OBJC_ISA_USAGE = YES_ERROR;
				CLANG_WARN_DOCUMENTATION_COMMENTS = YES;
				CLANG_WARN_EMPTY_BODY = YES;
				CLANG_WARN_ENUM_CONVERSION = YES;
				CLANG_WARN_INFINITE_RECURSION = YES;
				CLANG_WARN_INT_CONVERSION = YES;
				CLANG_WARN_NON_LITERAL_NULL_CONVERSION = YES;
				CLANG_WARN_OBJC_IMPLICIT_RETAIN_SELF = YES;
				CLANG_WARN_OBJC_LITERAL_CONVERSION = YES;
				CLANG_WARN_OBJC_ROOT_CLASS = YES_ERROR;
				CLANG_WARN_RANGE_LOOP_ANALYSIS = YES;
				CLANG_WARN_STRICT_PROTOTYPES = YES;
				CLANG_WARN_SUSPICIOUS_MOVE = YES;
				CLANG_WARN_UNGUARDED_AVAILABILITY = YES_AGGRESSIVE;
				CLANG_WARN_UNREACHABLE_CODE = YES;
				CLANG_WARN__DUPLICATE_METHOD_MATCH = YES;
				CODE_SIGN_IDENTITY = "iPhone Developer";
				COPY_PHASE_STRIP = NO;
				DEBUG_INFORMATION_FORMAT = "dwarf-with-dsym";
				ENABLE_NS_ASSERTIONS = NO;
				ENABLE_STRICT_OBJC_MSGSEND = YES;
				GCC_C_LANGUAGE_STANDARD = gnu11;
				GCC_NO_COMMON_BLOCKS = YES;
				GCC_WARN_64_TO_32_BIT_CONVERSION = YES;
				GCC_WARN_ABOUT_RETURN_TYPE = YES_ERROR;
				GCC_WARN_UNDECLARED_SELECTOR = YES;
				GCC_WARN_UNINITIALIZED_AUTOS = YES_AGGRESSIVE;
				GCC_WARN_UNUSED_FUNCTION = YES;
				GCC_WARN_UNUSED_VARIABLE = YES;
				IPHONEOS_DEPLOYMENT_TARGET = 9.3;
				MTL_ENABLE_DEBUG_INFO = NO;
				MTL_FAST_MATH = YES;
				SDKROOT = iphoneos;
				VALIDATE_PRODUCT = YES;
			};
			name = Release;
		};
		D3445A9922D499DA001FDCA7 /* Debug */ = {
			isa = XCBuildConfiguration;
			baseConfigurationReference = 679BF893D10491DE53C78FE3 /* Pods-FFSafeKit_Demo.debug.xcconfig */;
			buildSettings = {
				ASSETCATALOG_COMPILER_APPICON_NAME = AppIcon;
				CODE_SIGN_STYLE = Automatic;
				DEVELOPMENT_TEAM = BJB72MCQ37;
				INFOPLIST_FILE = FFSafeKit_Demo/Info.plist;
				LD_RUNPATH_SEARCH_PATHS = (
					"$(inherited)",
					"@executable_path/Frameworks",
				);
				PRODUCT_BUNDLE_IDENTIFIER = "com.jonyfang.FFSafeKit-Demo";
				PRODUCT_NAME = "$(TARGET_NAME)";
				TARGETED_DEVICE_FAMILY = "1,2";
			};
			name = Debug;
		};
		D3445A9A22D499DA001FDCA7 /* Release */ = {
			isa = XCBuildConfiguration;
			baseConfigurationReference = 62840DFF0231222066C91F3F /* Pods-FFSafeKit_Demo.release.xcconfig */;
			buildSettings = {
				ASSETCATALOG_COMPILER_APPICON_NAME = AppIcon;
				CODE_SIGN_STYLE = Automatic;
				DEVELOPMENT_TEAM = BJB72MCQ37;
				INFOPLIST_FILE = FFSafeKit_Demo/Info.plist;
				LD_RUNPATH_SEARCH_PATHS = (
					"$(inherited)",
					"@executable_path/Frameworks",
				);
				PRODUCT_BUNDLE_IDENTIFIER = "com.jonyfang.FFSafeKit-Demo";
				PRODUCT_NAME = "$(TARGET_NAME)";
				TARGETED_DEVICE_FAMILY = "1,2";
			};
			name = Release;
		};
/* End XCBuildConfiguration section */

/* Begin XCConfigurationList section */
		D3445A7D22D499D3001FDCA7 /* Build configuration list for PBXProject "FFSafeKit_Demo" */ = {
			isa = XCConfigurationList;
			buildConfigurations = (
				D3445A9622D499DA001FDCA7 /* Debug */,
				D3445A9722D499DA001FDCA7 /* Release */,
			);
			defaultConfigurationIsVisible = 0;
			defaultConfigurationName = Release;
		};
		D3445A9822D499DA001FDCA7 /* Build configuration list for PBXNativeTarget "FFSafeKit_Demo" */ = {
			isa = XCConfigurationList;
			buildConfigurations = (
				D3445A9922D499DA001FDCA7 /* Debug */,
				D3445A9A22D499DA001FDCA7 /* Release */,
			);
			defaultConfigurationIsVisible = 0;
			defaultConfigurationName = Release;
		};
/* End XCConfigurationList section */
	};
	rootObject = D3445A7A22D499D3001FDCA7 /* Project object */;
}
